
Microsoft Visual Studio Solution File, Format Version 12.00
# Visual Studio 15
VisualStudioVersion = 15.0.28307.779
MinimumVisualStudioVersion = 10.0.40219.1
Project("{FAE04EC0-301F-11D3-BF4B-00C04F79EFBC}") = "SaveDataAndLoad", "SaveDataAndLoad\SaveDataAndLoad.csproj", "{0BC62900-3F5F-4DB8-8A1D-48E94E854F78}"
EndProject
Project("{FAE04EC0-301F-11D3-BF4B-00C04F79EFBC}") = "SaveLoadData", "SaveLoadData\SaveLoadData.csproj", "{97AFCFD6-622F-4F29-9F13-258262EBB501}"
EndProject
Global
	GlobalSection(SolutionConfigurationPlatforms) = preSolution
		Debug|Any CPU = Debug|Any CPU
		Release|Any CPU = Release|Any CPU
	EndGlobalSection
	GlobalSection(ProjectConfigurationPlatforms) = postSolution
		{0BC62900-3F5F-4DB8-8A1D-48E94E854F78}.Debug|Any CPU.ActiveCfg = Debug|Any CPU
		{0BC62900-3F5F-4DB8-8A1D-48E94E854F78}.Debug|Any CPU.Build.0 = Debug|Any CPU
		{0BC62900-3F5F-4DB8-8A1D-48E94E854F78}.Release|Any CPU.ActiveCfg = Release|Any CPU
		{0BC62900-3F5F-4DB8-8A1D-48E94E854F78}.Release|Any CPU.Build.0 = Release|Any CPU
		{97AFCFD6-622F-4F29-9F13-258262EBB501}.Debug|Any CPU.ActiveCfg = Debug|Any CPU
		{97AFCFD6-622F-4F29-9F13-258262EBB501}.Debug|Any CPU.Build.0 = Debug|Any CPU
		{97AFCFD6-622F-4F29-9F13-258262EBB501}.Release|Any CPU.ActiveCfg = Release|Any CPU
		{97AFCFD6-622F-4F29-9F13-258262EBB501}.Release|Any CPU.Build.0 = Release|Any CPU
	EndGlobalSection
	GlobalSection(SolutionProperties) = preSolution
		HideSolutionNode = FALSE
	EndGlobalSection
	GlobalSection(ExtensibilityGlobals) = postSolution
		SolutionGuid = {1ABE898E-4175-4FC9-9403-DE1B4BC99540}
	EndGlobalSection
EndGlobal
